
Microsoft Visual Studio Solution File, Format Version 12.00
# Visual Studio 14
VisualStudioVersion = 14.0.23107.0
MinimumVisualStudioVersion = 10.0.40219.1
Project("{FAE04EC0-301F-11D3-BF4B-00C04F79EFBC}") = "Music database", "Music database\Music database.csproj", "{526E192E-5DE0-429D-9706-3C2D73F283DA}"
EndProject
Project("{FAE04EC0-301F-11D3-BF4B-00C04F79EFBC}") = "MusicDatabase", "MusicDatabase\MusicDatabase.csproj", "{476B6D48-D748-4AF6-AD73-3268F84AD23E}"
EndProject
Global
	GlobalSection(SolutionConfigurationPlatforms) = preSolution
		Debug|Any CPU = Debug|Any CPU
		Release|Any CPU = Release|Any CPU
	EndGlobalSection
	GlobalSection(ProjectConfigurationPlatforms) = postSolution
		{526E192E-5DE0-429D-9706-3C2D73F283DA}.Debug|Any CPU.ActiveCfg = Debug|Any CPU
		{526E192E-5DE0-429D-9706-3C2D73F283DA}.Debug|Any CPU.Build.0 = Debug|Any CPU
		{526E192E-5DE0-429D-9706-3C2D73F283DA}.Release|Any CPU.ActiveCfg = Release|Any CPU
		{526E192E-5DE0-429D-9706-3C2D73F283DA}.Release|Any CPU.Build.0 = Release|Any CPU
		{476B6D48-D748-4AF6-AD73-3268F84AD23E}.Debug|Any CPU.ActiveCfg = Debug|Any CPU
		{476B6D48-D748-4AF6-AD73-3268F84AD23E}.Debug|Any CPU.Build.0 = Debug|Any CPU
		{476B6D48-D748-4AF6-AD73-3268F84AD23E}.Release|Any CPU.ActiveCfg = Release|Any CPU
		{476B6D48-D748-4AF6-AD73-3268F84AD23E}.Release|Any CPU.Build.0 = Release|Any CPU
	EndGlobalSection
	GlobalSection(SolutionProperties) = preSolution
		HideSolutionNode = FALSE
	EndGlobalSection
EndGlobal
